
Microsoft Visual Studio Solution File, Format Version 12.00
# Visual Studio Version 17
VisualStudioVersion = 17.11.35327.3
MinimumVisualStudioVersion = 10.0.40219.1
Project("{9A19103F-16F7-4668-BE54-9A1E7A4F7556}") = "RegistroCitas.Server", "RegistroCitas.Server\RegistroCitas.Server.csproj", "{1F096CD2-E85C-41D5-9349-AF47B44238E1}"
EndProject
Project("{9A19103F-16F7-4668-BE54-9A1E7A4F7556}") = "RegistroCitas.BD", "RegistroCitas.BD\RegistroCitas.BD.csproj", "{DDB8726B-B9AB-4B88-A743-A0921C5A67C5}"
EndProject
Project("{FAE04EC0-301F-11D3-BF4B-00C04F79EFBC}") = "RegistroCitas.Shared", "RegistroCitas.Shared\RegistroCitas.Shared.csproj", "{252D08AB-8CC7-46D0-892C-7212CF1982E3}"
EndProject
Global
	GlobalSection(SolutionConfigurationPlatforms) = preSolution
		Debug|Any CPU = Debug|Any CPU
		Release|Any CPU = Release|Any CPU
	EndGlobalSection
	GlobalSection(ProjectConfigurationPlatforms) = postSolution
		{1F096CD2-E85C-41D5-9349-AF47B44238E1}.Debug|Any CPU.ActiveCfg = Debug|Any CPU
		{1F096CD2-E85C-41D5-9349-AF47B44238E1}.Debug|Any CPU.Build.0 = Debug|Any CPU
		{1F096CD2-E85C-41D5-9349-AF47B44238E1}.Release|Any CPU.ActiveCfg = Release|Any CPU
		{1F096CD2-E85C-41D5-9349-AF47B44238E1}.Release|Any CPU.Build.0 = Release|Any CPU
		{DDB8726B-B9AB-4B88-A743-A0921C5A67C5}.Debug|Any CPU.ActiveCfg = Debug|Any CPU
		{DDB8726B-B9AB-4B88-A743-A0921C5A67C5}.Debug|Any CPU.Build.0 = Debug|Any CPU
		{DDB8726B-B9AB-4B88-A743-A0921C5A67C5}.Release|Any CPU.ActiveCfg = Release|Any CPU
		{DDB8726B-B9AB-4B88-A743-A0921C5A67C5}.Release|Any CPU.Build.0 = Release|Any CPU
		{252D08AB-8CC7-46D0-892C-7212CF1982E3}.Debug|Any CPU.ActiveCfg = Debug|Any CPU
		{252D08AB-8CC7-46D0-892C-7212CF1982E3}.Debug|Any CPU.Build.0 = Debug|Any CPU
		{252D08AB-8CC7-46D0-892C-7212CF1982E3}.Release|Any CPU.ActiveCfg = Release|Any CPU
		{252D08AB-8CC7-46D0-892C-7212CF1982E3}.Release|Any CPU.Build.0 = Release|Any CPU
	EndGlobalSection
	GlobalSection(SolutionProperties) = preSolution
		HideSolutionNode = FALSE
	EndGlobalSection
	GlobalSection(ExtensibilityGlobals) = postSolution
		SolutionGuid = {2E4A25C2-42A5-4449-9717-3390048305BF}
	EndGlobalSection
EndGlobal
